
Microsoft Visual Studio Solution File, Format Version 12.00
# Visual Studio Version 16
VisualStudioVersion = 16.0.31019.35
MinimumVisualStudioVersion = 10.0.40219.1
Project("{9A19103F-16F7-4668-BE54-9A1E7A4F7556}") = "StageBot", "StageBot.csproj", "{7AA1E8CB-98FA-48EC-A5DA-1BA1044FC46D}"
EndProject
Project("{FAE04EC0-301F-11D3-BF4B-00C04F79EFBC}") = "Domain", "Domain\Domain.csproj", "{50A08416-9F09-4244-8FE2-5F0B6E8F19A0}"
EndProject
Project("{9A19103F-16F7-4668-BE54-9A1E7A4F7556}") = "Persistence", "Persistence\Persistence.csproj", "{F995EB79-F641-4BBA-9B62-EA1A797B3D6A}"
EndProject
Project("{FAE04EC0-301F-11D3-BF4B-00C04F79EFBC}") = "Infrastructure", "Infrastructure\Infrastructure.csproj", "{FE6A4714-2B0D-4A73-940D-2964E4B18450}"
EndProject
Project("{FAE04EC0-301F-11D3-BF4B-00C04F79EFBC}") = "Presentation", "Presentation\Presentation.csproj", "{3E66F24B-83C9-4B47-92BC-80512D6DA3A4}"
EndProject
Global
	GlobalSection(SolutionConfigurationPlatforms) = preSolution
		Debug|Any CPU = Debug|Any CPU
		Release|Any CPU = Release|Any CPU
	EndGlobalSection
	GlobalSection(ProjectConfigurationPlatforms) = postSolution
		{7AA1E8CB-98FA-48EC-A5DA-1BA1044FC46D}.Debug|Any CPU.ActiveCfg = Debug|Any CPU
		{7AA1E8CB-98FA-48EC-A5DA-1BA1044FC46D}.Debug|Any CPU.Build.0 = Debug|Any CPU
		{7AA1E8CB-98FA-48EC-A5DA-1BA1044FC46D}.Release|Any CPU.ActiveCfg = Release|Any CPU
		{7AA1E8CB-98FA-48EC-A5DA-1BA1044FC46D}.Release|Any CPU.Build.0 = Release|Any CPU
		{50A08416-9F09-4244-8FE2-5F0B6E8F19A0}.Debug|Any CPU.ActiveCfg = Debug|Any CPU
		{50A08416-9F09-4244-8FE2-5F0B6E8F19A0}.Debug|Any CPU.Build.0 = Debug|Any CPU
		{50A08416-9F09-4244-8FE2-5F0B6E8F19A0}.Release|Any CPU.ActiveCfg = Release|Any CPU
		{50A08416-9F09-4244-8FE2-5F0B6E8F19A0}.Release|Any CPU.Build.0 = Release|Any CPU
		{F995EB79-F641-4BBA-9B62-EA1A797B3D6A}.Debug|Any CPU.ActiveCfg = Debug|Any CPU
		{F995EB79-F641-4BBA-9B62-EA1A797B3D6A}.Debug|Any CPU.Build.0 = Debug|Any CPU
		{F995EB79-F641-4BBA-9B62-EA1A797B3D6A}.Release|Any CPU.ActiveCfg = Release|Any CPU
		{F995EB79-F641-4BBA-9B62-EA1A797B3D6A}.Release|Any CPU.Build.0 = Release|Any CPU
		{FE6A4714-2B0D-4A73-940D-2964E4B18450}.Debug|Any CPU.ActiveCfg = Debug|Any CPU
		{FE6A4714-2B0D-4A73-940D-2964E4B18450}.Debug|Any CPU.Build.0 = Debug|Any CPU
		{FE6A4714-2B0D-4A73-940D-2964E4B18450}.Release|Any CPU.ActiveCfg = Release|Any CPU
		{FE6A4714-2B0D-4A73-940D-2964E4B18450}.Release|Any CPU.Build.0 = Release|Any CPU
		{3E66F24B-83C9-4B47-92BC-80512D6DA3A4}.Debug|Any CPU.ActiveCfg = Debug|Any CPU
		{3E66F24B-83C9-4B47-92BC-80512D6DA3A4}.Debug|Any CPU.Build.0 = Debug|Any CPU
		{3E66F24B-83C9-4B47-92BC-80512D6DA3A4}.Release|Any CPU.ActiveCfg = Release|Any CPU
		{3E66F24B-83C9-4B47-92BC-80512D6DA3A4}.Release|Any CPU.Build.0 = Release|Any CPU
	EndGlobalSection
	GlobalSection(SolutionProperties) = preSolution
		HideSolutionNode = FALSE
	EndGlobalSection
	GlobalSection(ExtensibilityGlobals) = postSolution
		SolutionGuid = {08F3D51F-CE4E-42EA-AE56-58AF9073E506}
	EndGlobalSection
EndGlobal
